
Microsoft Visual Studio Solution File, Format Version 12.00
# Visual Studio 14
VisualStudioVersion = 14.0.24720.0
MinimumVisualStudioVersion = 10.0.40219.1
Project("{F2A71F9B-5D33-465A-A702-920D77279786}") = "HackerRank", "HackerRank\HackerRank.fsproj", "{7395762B-5214-496C-ABDC-673089BE1DCC}"
EndProject
Project("{F2A71F9B-5D33-465A-A702-920D77279786}") = "HackerRank.Tests", "HackerRank.Tests\HackerRank.Tests.fsproj", "{3FD71023-EA1D-4E21-AF46-B3373D2808CF}"
EndProject
Global
	GlobalSection(SolutionConfigurationPlatforms) = preSolution
		Debug|Any CPU = Debug|Any CPU
		Release|Any CPU = Release|Any CPU
	EndGlobalSection
	GlobalSection(ProjectConfigurationPlatforms) = postSolution
		{7395762B-5214-496C-ABDC-673089BE1DCC}.Debug|Any CPU.ActiveCfg = Debug|Any CPU
		{7395762B-5214-496C-ABDC-673089BE1DCC}.Debug|Any CPU.Build.0 = Debug|Any CPU
		{7395762B-5214-496C-ABDC-673089BE1DCC}.Release|Any CPU.ActiveCfg = Release|Any CPU
		{7395762B-5214-496C-ABDC-673089BE1DCC}.Release|Any CPU.Build.0 = Release|Any CPU
		{3FD71023-EA1D-4E21-AF46-B3373D2808CF}.Debug|Any CPU.ActiveCfg = Debug|Any CPU
		{3FD71023-EA1D-4E21-AF46-B3373D2808CF}.Debug|Any CPU.Build.0 = Debug|Any CPU
		{3FD71023-EA1D-4E21-AF46-B3373D2808CF}.Release|Any CPU.ActiveCfg = Release|Any CPU
		{3FD71023-EA1D-4E21-AF46-B3373D2808CF}.Release|Any CPU.Build.0 = Release|Any CPU
	EndGlobalSection
	GlobalSection(SolutionProperties) = preSolution
		HideSolutionNode = FALSE
	EndGlobalSection
EndGlobal
